PODS:
  - EssentialElements (0.1.0)

DEPENDENCIES:
  - EssentialElements (from `../`)

EXTERNAL SOURCES:
  EssentialElements:
    :path: ../

SPEC CHECKSUMS:
  EssentialElements: 224cc25f8c99a414488ade91286c071d21ef281c

PODFILE CHECKSUM: 756ffe1d8bd8855c37b77c5f3b013ff9f22a9379

COCOAPODS: 1.1.0.rc.2
